// !$*UTF8*$!
{
	archiveVersion = 1;
	classes = {
	};
	objectVersion = 52;
	objects = {

/* Begin PBXBuildFile section */
		0552C49029F2500C00A4EAD5 /* LiveChannelsApp.swift in Sources */ = {isa = PBXBuildFile; fileRef = 0552C48F29F2500C00A4EAD5 /* LiveChannelsApp.swift */; };
		0552C49229F2500C00A4EAD5 /* ContentView.swift in Sources */ = {isa = PBXBuildFile; fileRef = 0552C49129F2500C00A4EAD5 /* ContentView.swift */; };
		0552C49429F2502100A4EAD5 /* Assets.xcassets in Resources */ = {isa = PBXBuildFile; fileRef = 0552C49329F2502100A4EAD5 /* Assets.xcassets */; };
		0552C49729F2502100A4EAD5 /* Preview Assets.xcassets in Resources */ = {isa = PBXBuildFile; fileRef = 0552C49629F2502100A4EAD5 /* Preview Assets.xcassets */; };
		0552C4A229F2502200A4EAD5 /* LiveChannelsTests.swift in Sources */ = {isa = PBXBuildFile; fileRef = 0552C4A129F2502200A4EAD5 /* LiveChannelsTests.swift */; };
		0552C4AD29F2502200A4EAD5 /* LiveChannelsUITests.swift in Sources */ = {isa = PBXBuildFile; fileRef = 0552C4AC29F2502200A4EAD5 /* LiveChannelsUITests.swift */; };
		0552C4FB29F255C100A4EAD5 /* Mini in Frameworks */ = {isa = PBXBuildFile; productRef = 0552C4FA29F255C100A4EAD5 /* Mini */; };
		0552C4FD29F255C100A4EAD5 /* MiniPromise in Frameworks */ = {isa = PBXBuildFile; productRef = 0552C4FC29F255C100A4EAD5 /* MiniPromise */; };
		0552C4FF29F255C100A4EAD5 /* MiniTask in Frameworks */ = {isa = PBXBuildFile; productRef = 0552C4FE29F255C100A4EAD5 /* MiniTask */; };
		0552C50129F255C100A4EAD5 /* Mini/Log in Frameworks */ = {isa = PBXBuildFile; productRef = 0552C50029F255C100A4EAD5 /* Mini/Log */; };
		0552C50329F255C100A4EAD5 /* Mini/Test in Frameworks */ = {isa = PBXBuildFile; productRef = 0552C50229F255C100A4EAD5 /* Mini/Test */; };
/* End PBXBuildFile section */

/* Begin PBXContainerItemProxy section */
		0552C49E29F2502200A4EAD5 /* PBXContainerItemProxy */ = {
			isa = PBXContainerItemProxy;
			containerPortal = 0552C48429F2500C00A4EAD5 /* Project object */;
			proxyType = 1;
			remoteGlobalIDString = 0552C48B29F2500C00A4EAD5;
			remoteInfo = LiveChannels;
		};
		0552C4A929F2502200A4EAD5 /* PBXContainerItemProxy */ = {
			isa = PBXContainerItemProxy;
			containerPortal = 0552C48429F2500C00A4EAD5 /* Project object */;
			proxyType = 1;
			remoteGlobalIDString = 0552C48B29F2500C00A4EAD5;
			remoteInfo = LiveChannels;
		};
/* End PBXContainerItemProxy section */

/* Begin PBXFileReference section */
		0552C48C29F2500C00A4EAD5 /* LiveChannels.app */ = {isa = PBXFileReference; explicitFileType = wrapper.application; includeInIndex = 0; path = LiveChannels.app; sourceTree = BUILT_PRODUCTS_DIR; };
		0552C48F29F2500C00A4EAD5 /* LiveChannelsApp.swift */ = {isa = PBXFileReference; lastKnownFileType = sourcecode.swift; path = LiveChannelsApp.swift; sourceTree = "<group>"; };
		0552C49129F2500C00A4EAD5 /* ContentView.swift */ = {isa = PBXFileReference; lastKnownFileType = sourcecode.swift; path = ContentView.swift; sourceTree = "<group>"; };
		0552C49329F2502100A4EAD5 /* Assets.xcassets */ = {isa = PBXFileReference; lastKnownFileType = folder.assetcatalog; path = Assets.xcassets; sourceTree = "<group>"; };
		0552C49629F2502100A4EAD5 /* Preview Assets.xcassets */ = {isa = PBXFileReference; lastKnownFileType = folder.assetcatalog; path = "Preview Assets.xcassets"; sourceTree = "<group>"; };
		0552C49829F2502100A4EAD5 /* Info.plist */ = {isa = PBXFileReference; lastKnownFileType = text.plist.xml; path = Info.plist; sourceTree = "<group>"; };
		0552C49D29F2502200A4EAD5 /* LiveChannelsTests.xctest */ = {isa = PBXFileReference; explicitFileType = wrapper.cfbundle; includeInIndex = 0; path = LiveChannelsTests.xctest; sourceTree = BUILT_PRODUCTS_DIR; };
		0552C4A129F2502200A4EAD5 /* LiveChannelsTests.swift */ = {isa = PBXFileReference; lastKnownFileType = sourcecode.swift; path = LiveChannelsTests.swift; sourceTree = "<group>"; };
		0552C4A329F2502200A4EAD5 /* Info.plist */ = {isa = PBXFileReference; lastKnownFileType = text.plist.xml; path = Info.plist; sourceTree = "<group>"; };
		0552C4A829F2502200A4EAD5 /* LiveChannelsUITests.xctest */ = {isa = PBXFileReference; explicitFileType = wrapper.cfbundle; includeInIndex = 0; path = LiveChannelsUITests.xctest; sourceTree = BUILT_PRODUCTS_DIR; };
		0552C4AC29F2502200A4EAD5 /* LiveChannelsUITests.swift */ = {isa = PBXFileReference; lastKnownFileType = sourcecode.swift; path = LiveChannelsUITests.swift; sourceTree = "<group>"; };
		0552C4AE29F2502200A4EAD5 /* Info.plist */ = {isa = PBXFileReference; lastKnownFileType = text.plist.xml; path = Info.plist; sourceTree = "<group>"; };
/* End PBXFileReference section */

/* Begin PBXFrameworksBuildPhase section */
		0552C48929F2500C00A4EAD5 /* Frameworks */ = {
			isa = PBXFrameworksBuildPhase;
			buildActionMask = 2147483647;
			files = (
				0552C50329F255C100A4EAD5 /* Mini/Test in Frameworks */,
				0552C4FF29F255C100A4EAD5 /* MiniTask in Frameworks */,
				0552C4FB29F255C100A4EAD5 /* Mini in Frameworks */,
				0552C50129F255C100A4EAD5 /* Mini/Log in Frameworks */,
				0552C4FD29F255C100A4EAD5 /* MiniPromise in Frameworks */,
			);
			runOnlyForDeploymentPostprocessing = 0;
		};
		0552C49A29F2502200A4EAD5 /* Frameworks */ = {
			isa = PBXFrameworksBuildPhase;
			buildActionMask = 2147483647;
			files = (
			);
			runOnlyForDeploymentPostprocessing = 0;
		};
		0552C4A529F2502200A4EAD5 /* Frameworks */ = {
			isa = PBXFrameworksBuildPhase;
			buildActionMask = 2147483647;
			files = (
			);
			runOnlyForDeploymentPostprocessing = 0;
		};
/* End PBXFrameworksBuildPhase section */

/* Begin PBXGroup section */
		0552C48329F2500C00A4EAD5 = {
			isa = PBXGroup;
			children = (
				0552C48E29F2500C00A4EAD5 /* LiveChannels */,
				0552C4A029F2502200A4EAD5 /* LiveChannelsTests */,
				0552C4AB29F2502200A4EAD5 /* LiveChannelsUITests */,
				0552C48D29F2500C00A4EAD5 /* Products */,
			);
			sourceTree = "<group>";
		};
		0552C48D29F2500C00A4EAD5 /* Products */ = {
			isa = PBXGroup;
			children = (
				0552C48C29F2500C00A4EAD5 /* LiveChannels.app */,
				0552C49D29F2502200A4EAD5 /* LiveChannelsTests.xctest */,
				0552C4A829F2502200A4EAD5 /* LiveChannelsUITests.xctest */,
			);
			name = Products;
			sourceTree = "<group>";
		};
		0552C48E29F2500C00A4EAD5 /* LiveChannels */ = {
			isa = PBXGroup;
			children = (
				0552C48F29F2500C00A4EAD5 /* LiveChannelsApp.swift */,
				0552C49129F2500C00A4EAD5 /* ContentView.swift */,
				0552C49329F2502100A4EAD5 /* Assets.xcassets */,
				0552C49829F2502100A4EAD5 /* Info.plist */,
				0552C49529F2502100A4EAD5 /* Preview Content */,
			);
			path = LiveChannels;
			sourceTree = "<group>";
		};
		0552C49529F2502100A4EAD5 /* Preview Content */ = {
			isa = PBXGroup;
			children = (
				0552C49629F2502100A4EAD5 /* Preview Assets.xcassets */,
			);
			path = "Preview Content";
			sourceTree = "<group>";
		};
		0552C4A029F2502200A4EAD5 /* LiveChannelsTests */ = {
			isa = PBXGroup;
			children = (
				0552C4A129F2502200A4EAD5 /* LiveChannelsTests.swift */,
				0552C4A329F2502200A4EAD5 /* Info.plist */,
			);
			path = LiveChannelsTests;
			sourceTree = "<group>";
		};
		0552C4AB29F2502200A4EAD5 /* LiveChannelsUITests */ = {
			isa = PBXGroup;
			children = (
				0552C4AC29F2502200A4EAD5 /* LiveChannelsUITests.swift */,
				0552C4AE29F2502200A4EAD5 /* Info.plist */,
			);
			path = LiveChannelsUITests;
			sourceTree = "<group>";
		};
/* End PBXGroup section */

/* Begin PBXNativeTarget section */
		0552C48B29F2500C00A4EAD5 /* LiveChannels */ = {
			isa = PBXNativeTarget;
			buildConfigurationList = 0552C4B129F2502200A4EAD5 /* Build configuration list for PBXNativeTarget "LiveChannels" */;
			buildPhases = (
				0552C48829F2500C00A4EAD5 /* Sources */,
				0552C48929F2500C00A4EAD5 /* Frameworks */,
				0552C48A29F2500C00A4EAD5 /* Resources */,
			);
			buildRules = (
			);
			dependencies = (
			);
			name = LiveChannels;
			packageProductDependencies = (
				0552C4FA29F255C100A4EAD5 /* Mini */,
				0552C4FC29F255C100A4EAD5 /* MiniPromise */,
				0552C4FE29F255C100A4EAD5 /* MiniTask */,
				0552C50029F255C100A4EAD5 /* Mini/Log */,
				0552C50229F255C100A4EAD5 /* Mini/Test */,
			);
			productName = LiveChannels;
			productReference = 0552C48C29F2500C00A4EAD5 /* LiveChannels.app */;
			productType = "com.apple.product-type.application";
		};
		0552C49C29F2502200A4EAD5 /* LiveChannelsTests */ = {
			isa = PBXNativeTarget;
			buildConfigurationList = 0552C4B429F2502200A4EAD5 /* Build configuration list for PBXNativeTarget "LiveChannelsTests" */;
			buildPhases = (
				0552C49929F2502200A4EAD5 /* Sources */,
				0552C49A29F2502200A4EAD5 /* Frameworks */,
				0552C49B29F2502200A4EAD5 /* Resources */,
			);
			buildRules = (
			);
			dependencies = (
				0552C49F29F2502200A4EAD5 /* PBXTargetDependency */,
			);
			name = LiveChannelsTests;
			productName = LiveChannelsTests;
			productReference = 0552C49D29F2502200A4EAD5 /* LiveChannelsTests.xctest */;
			productType = "com.apple.product-type.bundle.unit-test";
		};
		0552C4A729F2502200A4EAD5 /* LiveChannelsUITests */ = {
			isa = PBXNativeTarget;
			buildConfigurationList = 0552C4B729F2502200A4EAD5 /* Build configuration list for PBXNativeTarget "LiveChannelsUITests" */;
			buildPhases = (
				0552C4A429F2502200A4EAD5 /* Sources */,
				0552C4A529F2502200A4EAD5 /* Frameworks */,
				0552C4A629F2502200A4EAD5 /* Resources */,
			);
			buildRules = (
			);
			dependencies = (
				0552C4AA29F2502200A4EAD5 /* PBXTargetDependency */,
			);
			name = LiveChannelsUITests;
			productName = LiveChannelsUITests;
			productReference = 0552C4A829F2502200A4EAD5 /* LiveChannelsUITests.xctest */;
			productType = "com.apple.product-type.bundle.ui-testing";
		};
/* End PBXNativeTarget section */

/* Begin PBXProject section */
		0552C48429F2500C00A4EAD5 /* Project object */ = {
			isa = PBXProject;
			attributes = {
				LastSwiftUpdateCheck = 1240;
				LastUpgradeCheck = 1240;
				TargetAttributes = {
					0552C48B29F2500C00A4EAD5 = {
						CreatedOnToolsVersion = 12.4;
					};
					0552C49C29F2502200A4EAD5 = {
						CreatedOnToolsVersion = 12.4;
						TestTargetID = 0552C48B29F2500C00A4EAD5;
					};
					0552C4A729F2502200A4EAD5 = {
						CreatedOnToolsVersion = 12.4;
						TestTargetID = 0552C48B29F2500C00A4EAD5;
					};
				};
			};
			buildConfigurationList = 0552C48729F2500C00A4EAD5 /* Build configuration list for PBXProject "LiveChannels" */;
			compatibilityVersion = "Xcode 9.3";
			developmentRegion = en;
			hasScannedForEncodings = 0;
			knownRegions = (
				en,
				Base,
			);
			mainGroup = 0552C48329F2500C00A4EAD5;
			packageReferences = (
				0552C4F929F255C100A4EAD5 /* XCRemoteSwiftPackageReference "mini-swift" */,
			);
			productRefGroup = 0552C48D29F2500C00A4EAD5 /* Products */;
			projectDirPath = "";
			projectRoot = "";
			targets = (
				0552C48B29F2500C00A4EAD5 /* LiveChannels */,
				0552C49C29F2502200A4EAD5 /* LiveChannelsTests */,
				0552C4A729F2502200A4EAD5 /* LiveChannelsUITests */,
			);
		};
/* End PBXProject section */

/* Begin PBXResourcesBuildPhase section */
		0552C48A29F2500C00A4EAD5 /* Resources */ = {
			isa = PBXResourcesBuildPhase;
			buildActionMask = 2147483647;
			files = (
				0552C49729F2502100A4EAD5 /* Preview Assets.xcassets in Resources */,
				0552C49429F2502100A4EAD5 /* Assets.xcassets in Resources */,
			);
			runOnlyForDeploymentPostprocessing = 0;
		};
		0552C49B29F2502200A4EAD5 /* Resources */ = {
			isa = PBXResourcesBuildPhase;
			buildActionMask = 2147483647;
			files = (
			);
			runOnlyForDeploymentPostprocessing = 0;
		};
		0552C4A629F2502200A4EAD5 /* Resources */ = {
			isa = PBXResourcesBuildPhase;
			buildActionMask = 2147483647;
			files = (
			);
			runOnlyForDeploymentPostprocessing = 0;
		};
/* End PBXResourcesBuildPhase section */

/* Begin PBXSourcesBuildPhase section */
		0552C48829F2500C00A4EAD5 /* Sources */ = {
			isa = PBXSourcesBuildPhase;
			buildActionMask = 2147483647;
			files = (
				0552C49229F2500C00A4EAD5 /* ContentView.swift in Sources */,
				0552C49029F2500C00A4EAD5 /* LiveChannelsApp.swift in Sources */,
			);
			runOnlyForDeploymentPostprocessing = 0;
		};
		0552C49929F2502200A4EAD5 /* Sources */ = {
			isa = PBXSourcesBuildPhase;
			buildActionMask = 2147483647;
			files = (
				0552C4A229F2502200A4EAD5 /* LiveChannelsTests.swift in Sources */,
			);
			runOnlyForDeploymentPostprocessing = 0;
		};
		0552C4A429F2502200A4EAD5 /* Sources */ = {
			isa = PBXSourcesBuildPhase;
			buildActionMask = 2147483647;
			files = (
				0552C4AD29F2502200A4EAD5 /* LiveChannelsUITests.swift in Sources */,
			);
			runOnlyForDeploymentPostprocessing = 0;
		};
/* End PBXSourcesBuildPhase section */

/* Begin PBXTargetDependency section */
		0552C49F29F2502200A4EAD5 /* PBXTargetDependency */ = {
			isa = PBXTargetDependency;
			target = 0552C48B29F2500C00A4EAD5 /* LiveChannels */;
			targetProxy = 0552C49E29F2502200A4EAD5 /* PBXContainerItemProxy */;
		};
		0552C4AA29F2502200A4EAD5 /* PBXTargetDependency */ = {
			isa = PBXTargetDependency;
			target = 0552C48B29F2500C00A4EAD5 /* LiveChannels */;
			targetProxy = 0552C4A929F2502200A4EAD5 /* PBXContainerItemProxy */;
		};
/* End PBXTargetDependency section */

/* Begin XCBuildConfiguration section */
		0552C4AF29F2502200A4EAD5 /* Debug */ = {
			isa = XCBuildConfiguration;
			buildSettings = {
				ALWAYS_SEARCH_USER_PATHS = NO;
				CLANG_ANALYZER_NONNULL = YES;
				CLANG_ANALYZER_NUMBER_OBJECT_CONVERSION = YES_AGGRESSIVE;
				CLANG_CXX_LANGUAGE_STANDARD = "gnu++14";
				CLANG_CXX_LIBRARY = "libc++";
				CLANG_ENABLE_MODULES = YES;
				CLANG_ENABLE_OBJC_ARC = YES;
				CLANG_ENABLE_OBJC_WEAK = YES;
				CLANG_WARN_BLOCK_CAPTURE_AUTORELEASING = YES;
				CLANG_WARN_BOOL_CONVERSION = YES;
				CLANG_WARN_COMMA = YES;
				CLANG_WARN_CONSTANT_CONVERSION = YES;
				CLANG_WARN_DEPRECATED_OBJC_IMPLEMENTATIONS = YES;
				CLANG_WARN_DIRECT_OBJC_ISA_USAGE = YES_ERROR;
				CLANG_WARN_DOCUMENTATION_COMMENTS = YES;
				CLANG_WARN_EMPTY_BODY = YES;
				CLANG_WARN_ENUM_CONVERSION = YES;
				CLANG_WARN_INFINITE_RECURSION = YES;
				CLANG_WARN_INT_CONVERSION = YES;
				CLANG_WARN_NON_LITERAL_NULL_CONVERSION = YES;
				CLANG_WARN_OBJC_IMPLICIT_RETAIN_SELF = YES;
				CLANG_WARN_OBJC_LITERAL_CONVERSION = YES;
				CLANG_WARN_OBJC_ROOT_CLASS = YES_ERROR;
				CLANG_WARN_QUOTED_INCLUDE_IN_FRAMEWORK_HEADER = YES;
				CLANG_WARN_RANGE_LOOP_ANALYSIS = YES;
				CLANG_WARN_STRICT_PROTOTYPES = YES;
				CLANG_WARN_SUSPICIOUS_MOVE = YES;
				CLANG_WARN_UNGUARDED_AVAILABILITY = YES_AGGRESSIVE;
				CLANG_WARN_UNREACHABLE_CODE = YES;
				CLANG_WARN__DUPLICATE_METHOD_MATCH = YES;
				COPY_PHASE_STRIP = NO;
				DEBUG_INFORMATION_FORMAT = dwarf;
				ENABLE_STRICT_OBJC_MSGSEND = YES;
				ENABLE_TESTABILITY = YES;
				GCC_C_LANGUAGE_STANDARD = gnu11;
				GCC_DYNAMIC_NO_PIC = NO;
				GCC_NO_COMMON_BLOCKS = YES;
				GCC_OPTIMIZATION_LEVEL = 0;
				GCC_PREPROCESSOR_DEFINITIONS = (
					"DEBUG=1",
					"$(inherited)",
				);
				GCC_WARN_64_TO_32_BIT_CONVERSION = YES;
				GCC_WARN_ABOUT_RETURN_TYPE = YES_ERROR;
				GCC_WARN_UNDECLARED_SELECTOR = YES;
				GCC_WARN_UNINITIALIZED_AUTOS = YES_AGGRESSIVE;
				GCC_WARN_UNUSED_FUNCTION = YES;
				GCC_WARN_UNUSED_VARIABLE = YES;
				IPHONEOS_DEPLOYMENT_TARGET = 14.4;
				MTL_ENABLE_DEBUG_INFO = INCLUDE_SOURCE;
				MTL_FAST_MATH = YES;
				ONLY_ACTIVE_ARCH = YES;
				SDKROOT = iphoneos;
				SWIFT_ACTIVE_COMPILATION_CONDITIONS = DEBUG;
				SWIFT_OPTIMIZATION_LEVEL = "-Onone";
			};
			name = Debug;
		};
		0552C4B029F2502200A4EAD5 /* Release */ = {
			isa = XCBuildConfiguration;
			buildSettings = {
				ALWAYS_SEARCH_USER_PATHS = NO;
				CLANG_ANALYZER_NONNULL = YES;
				CLANG_ANALYZER_NUMBER_OBJECT_CONVERSION = YES_AGGRESSIVE;
				CLANG_CXX_LANGUAGE_STANDARD = "gnu++14";
				CLANG_CXX_LIBRARY = "libc++";
				CLANG_ENABLE_MODULES = YES;
				CLANG_ENABLE_OBJC_ARC = YES;
				CLANG_ENABLE_OBJC_WEAK = YES;
				CLANG_WARN_BLOCK_CAPTURE_AUTORELEASING = YES;
				CLANG_WARN_BOOL_CONVERSION = YES;
				CLANG_WARN_COMMA = YES;
				CLANG_WARN_CONSTANT_CONVERSION = YES;
				CLANG_WARN_DEPRECATED_OBJC_IMPLEMENTATIONS = YES;
				CLANG_WARN_DIRECT_OBJC_ISA_USAGE = YES_ERROR;
				CLANG_WARN_DOCUMENTATION_COMMENTS = YES;
				CLANG_WARN_EMPTY_BODY = YES;
				CLANG_WARN_ENUM_CONVERSION = YES;
				CLANG_WARN_INFINITE_RECURSION = YES;
				CLANG_WARN_INT_CONVERSION = YES;
				CLANG_WARN_NON_LITERAL_NULL_CONVERSION = YES;
				CLANG_WARN_OBJC_IMPLICIT_RETAIN_SELF = YES;
				CLANG_WARN_OBJC_LITERAL_CONVERSION = YES;
				CLANG_WARN_OBJC_ROOT_CLASS = YES_ERROR;
				CLANG_WARN_QUOTED_INCLUDE_IN_FRAMEWORK_HEADER = YES;
				CLANG_WARN_RANGE_LOOP_ANALYSIS = YES;
				CLANG_WARN_STRICT_PROTOTYPES = YES;
				CLANG_WARN_SUSPICIOUS_MOVE = YES;
				CLANG_WARN_UNGUARDED_AVAILABILITY = YES_AGGRESSIVE;
				CLANG_WARN_UNREACHABLE_CODE = YES;
				CLANG_WARN__DUPLICATE_METHOD_MATCH = YES;
				COPY_PHASE_STRIP = NO;
				DEBUG_INFORMATION_FORMAT = "dwarf-with-dsym";
				ENABLE_NS_ASSERTIONS = NO;
				ENABLE_STRICT_OBJC_MSGSEND = YES;
				GCC_C_LANGUAGE_STANDARD = gnu11;
				GCC_NO_COMMON_BLOCKS = YES;
				GCC_WARN_64_TO_32_BIT_CONVERSION = YES;
				GCC_WARN_ABOUT_RETURN_TYPE = YES_ERROR;
				GCC_WARN_UNDECLARED_SELECTOR = YES;
				GCC_WARN_UNINITIALIZED_AUTOS = YES_AGGRESSIVE;
				GCC_WARN_UNUSED_FUNCTION = YES;
				GCC_WARN_UNUSED_VARIABLE = YES;
				IPHONEOS_DEPLOYMENT_TARGET = 14.4;
				MTL_ENABLE_DEBUG_INFO = NO;
				MTL_FAST_MATH = YES;
				SDKROOT = iphoneos;
				SWIFT_COMPILATION_MODE = wholemodule;
				SWIFT_OPTIMIZATION_LEVEL = "-O";
				VALIDATE_PRODUCT = YES;
			};
			name = Release;
		};
		0552C4B229F2502200A4EAD5 /* Debug */ = {
			isa = XCBuildConfiguration;
			buildSettings = {
				ASSETCATALOG_COMPILER_APPICON_NAME = AppIcon;
				ASSETCATALOG_COMPILER_GLOBAL_ACCENT_COLOR_NAME = AccentColor;
				CODE_SIGN_STYLE = Automatic;
				DEVELOPMENT_ASSET_PATHS = "\"LiveChannels/Preview Content\"";
				DEVELOPMENT_TEAM = L3LXP6A8G3;
				ENABLE_PREVIEWS = YES;
				INFOPLIST_FILE = LiveChannels/Info.plist;
				IPHONEOS_DEPLOYMENT_TARGET = 14.0;
				LD_RUNPATH_SEARCH_PATHS = (
					"$(inherited)",
					"@executable_path/Frameworks",
				);
				PRODUCT_BUNDLE_IDENTIFIER = com.marlon.LiveChannels.LiveChannels;
				PRODUCT_NAME = "$(TARGET_NAME)";
				SWIFT_VERSION = 5.0;
				TARGETED_DEVICE_FAMILY = "1,2";
			};
			name = Debug;
		};
		0552C4B329F2502200A4EAD5 /* Release */ = {
			isa = XCBuildConfiguration;
			buildSettings = {
				ASSETCATALOG_COMPILER_APPICON_NAME = AppIcon;
				ASSETCATALOG_COMPILER_GLOBAL_ACCENT_COLOR_NAME = AccentColor;
				CODE_SIGN_STYLE = Automatic;
				DEVELOPMENT_ASSET_PATHS = "\"LiveChannels/Preview Content\"";
				DEVELOPMENT_TEAM = L3LXP6A8G3;
				ENABLE_PREVIEWS = YES;
				INFOPLIST_FILE = LiveChannels/Info.plist;
				IPHONEOS_DEPLOYMENT_TARGET = 14.0;
				LD_RUNPATH_SEARCH_PATHS = (
					"$(inherited)",
					"@executable_path/Frameworks",
				);
				PRODUCT_BUNDLE_IDENTIFIER = com.marlon.LiveChannels.LiveChannels;
				PRODUCT_NAME = "$(TARGET_NAME)";
				SWIFT_VERSION = 5.0;
				TARGETED_DEVICE_FAMILY = "1,2";
			};
			name = Release;
		};
		0552C4B529F2502200A4EAD5 /* Debug */ = {
			isa = XCBuildConfiguration;
			buildSettings = {
				ALWAYS_EMBED_SWIFT_STANDARD_LIBRARIES = YES;
				BUNDLE_LOADER = "$(TEST_HOST)";
				CODE_SIGN_STYLE = Automatic;
				DEVELOPMENT_TEAM = L3LXP6A8G3;
				INFOPLIST_FILE = LiveChannelsTests/Info.plist;
				IPHONEOS_DEPLOYMENT_TARGET = 14.0;
				LD_RUNPATH_SEARCH_PATHS = (
					"$(inherited)",
					"@executable_path/Frameworks",
					"@loader_path/Frameworks",
				);
				PRODUCT_BUNDLE_IDENTIFIER = com.marlon.LiveChannels.LiveChannelsTests;
				PRODUCT_NAME = "$(TARGET_NAME)";
				SWIFT_VERSION = 5.0;
				TARGETED_DEVICE_FAMILY = "1,2";
				TEST_HOST = "$(BUILT_PRODUCTS_DIR)/LiveChannels.app/LiveChannels";
			};
			name = Debug;
		};
		0552C4B629F2502200A4EAD5 /* Release */ = {
			isa = XCBuildConfiguration;
			buildSettings = {
				ALWAYS_EMBED_SWIFT_STANDARD_LIBRARIES = YES;
				BUNDLE_LOADER = "$(TEST_HOST)";
				CODE_SIGN_STYLE = Automatic;
				DEVELOPMENT_TEAM = L3LXP6A8G3;
				INFOPLIST_FILE = LiveChannelsTests/Info.plist;
				IPHONEOS_DEPLOYMENT_TARGET = 14.0;
				LD_RUNPATH_SEARCH_PATHS = (
					"$(inherited)",
					"@executable_path/Frameworks",
					"@loader_path/Frameworks",
				);
				PRODUCT_BUNDLE_IDENTIFIER = com.marlon.LiveChannels.LiveChannelsTests;
				PRODUCT_NAME = "$(TARGET_NAME)";
				SWIFT_VERSION = 5.0;
				TARGETED_DEVICE_FAMILY = "1,2";
				TEST_HOST = "$(BUILT_PRODUCTS_DIR)/LiveChannels.app/LiveChannels";
			};
			name = Release;
		};
		0552C4B829F2502200A4EAD5 /* Debug */ = {
			isa = XCBuildConfiguration;
			buildSettings = {
				ALWAYS_EMBED_SWIFT_STANDARD_LIBRARIES = YES;
				CODE_SIGN_STYLE = Automatic;
				DEVELOPMENT_TEAM = L3LXP6A8G3;
				INFOPLIST_FILE = LiveChannelsUITests/Info.plist;
				LD_RUNPATH_SEARCH_PATHS = (
					"$(inherited)",
					"@executable_path/Frameworks",
					"@loader_path/Frameworks",
				);
				PRODUCT_BUNDLE_IDENTIFIER = com.marlon.LiveChannels.LiveChannelsUITests;
				PRODUCT_NAME = "$(TARGET_NAME)";
				SWIFT_VERSION = 5.0;
				TARGETED_DEVICE_FAMILY = "1,2";
				TEST_TARGET_NAME = LiveChannels;
			};
			name = Debug;
		};
		0552C4B929F2502200A4EAD5 /* Release */ = {
			isa = XCBuildConfiguration;
			buildSettings = {
				ALWAYS_EMBED_SWIFT_STANDARD_LIBRARIES = YES;
				CODE_SIGN_STYLE = Automatic;
				DEVELOPMENT_TEAM = L3LXP6A8G3;
				INFOPLIST_FILE = LiveChannelsUITests/Info.plist;
				LD_RUNPATH_SEARCH_PATHS = (
					"$(inherited)",
					"@executable_path/Frameworks",
					"@loader_path/Frameworks",
				);
				PRODUCT_BUNDLE_IDENTIFIER = com.marlon.LiveChannels.LiveChannelsUITests;
				PRODUCT_NAME = "$(TARGET_NAME)";
				SWIFT_VERSION = 5.0;
				TARGETED_DEVICE_FAMILY = "1,2";
				TEST_TARGET_NAME = LiveChannels;
			};
			name = Release;
		};
/* End XCBuildConfiguration section */

/* Begin XCConfigurationList section */
		0552C48729F2500C00A4EAD5 /* Build configuration list for PBXProject "LiveChannels" */ = {
			isa = XCConfigurationList;
			buildConfigurations = (
				0552C4AF29F2502200A4EAD5 /* Debug */,
				0552C4B029F2502200A4EAD5 /* Release */,
			);
			defaultConfigurationIsVisible = 0;
			defaultConfigurationName = Release;
		};
		0552C4B129F2502200A4EAD5 /* Build configuration list for PBXNativeTarget "LiveChannels" */ = {
			isa = XCConfigurationList;
			buildConfigurations = (
				0552C4B229F2502200A4EAD5 /* Debug */,
				0552C4B329F2502200A4EAD5 /* Release */,
			);
			defaultConfigurationIsVisible = 0;
			defaultConfigurationName = Release;
		};
		0552C4B429F2502200A4EAD5 /* Build configuration list for PBXNativeTarget "LiveChannelsTests" */ = {
			isa = XCConfigurationList;
			buildConfigurations = (
				0552C4B529F2502200A4EAD5 /* Debug */,
				0552C4B629F2502200A4EAD5 /* Release */,
			);
			defaultConfigurationIsVisible = 0;
			defaultConfigurationName = Release;
		};
		0552C4B729F2502200A4EAD5 /* Build configuration list for PBXNativeTarget "LiveChannelsUITests" */ = {
			isa = XCConfigurationList;
			buildConfigurations = (
				0552C4B829F2502200A4EAD5 /* Debug */,
				0552C4B929F2502200A4EAD5 /* Release */,
			);
			defaultConfigurationIsVisible = 0;
			defaultConfigurationName = Release;
		};
/* End XCConfigurationList section */

/* Begin XCRemoteSwiftPackageReference section */
		0552C4F929F255C100A4EAD5 /* XCRemoteSwiftPackageReference "mini-swift" */ = {
			isa = XCRemoteSwiftPackageReference;
			repositoryURL = "https://github.com/hyperdevs-team/mini-swift.git";
			requirement = {
				kind = upToNextMajorVersion;
				minimumVersion = 3.0.4;
			};
		};
/* End XCRemoteSwiftPackageReference section */

/* Begin XCSwiftPackageProductDependency section */
		0552C4FA29F255C100A4EAD5 /* Mini */ = {
			isa = XCSwiftPackageProductDependency;
			package = 0552C4F929F255C100A4EAD5 /* XCRemoteSwiftPackageReference "mini-swift" */;
			productName = Mini;
		};
		0552C4FC29F255C100A4EAD5 /* MiniPromise */ = {
			isa = XCSwiftPackageProductDependency;
			package = 0552C4F929F255C100A4EAD5 /* XCRemoteSwiftPackageReference "mini-swift" */;
			productName = MiniPromise;
		};
		0552C4FE29F255C100A4EAD5 /* MiniTask */ = {
			isa = XCSwiftPackageProductDependency;
			package = 0552C4F929F255C100A4EAD5 /* XCRemoteSwiftPackageReference "mini-swift" */;
			productName = MiniTask;
		};
		0552C50029F255C100A4EAD5 /* Mini/Log */ = {
			isa = XCSwiftPackageProductDependency;
			package = 0552C4F929F255C100A4EAD5 /* XCRemoteSwiftPackageReference "mini-swift" */;
			productName = Mini/Log;
		};
		0552C50229F255C100A4EAD5 /* Mini/Test */ = {
			isa = XCSwiftPackageProductDependency;
			package = 0552C4F929F255C100A4EAD5 /* XCRemoteSwiftPackageReference "mini-swift" */;
			productName = Mini/Test;
		};
/* End XCSwiftPackageProductDependency section */
	};
	rootObject = 0552C48429F2500C00A4EAD5 /* Project object */;
}
